PODS:
  - JSONCodeSwiftMacro (1.0.0)
  - OtherLib (0.1.0):
    - JSONCodeSwiftMacro

DEPENDENCIES:
  - JSONCodeSwiftMacro (from `../`)
  - OtherLib (from `OtherLib/`)

EXTERNAL SOURCES:
  JSONCodeSwiftMacro:
    :path: "../"
  OtherLib:
    :path: OtherLib/

SPEC CHECKSUMS:
  JSONCodeSwiftMacro: acabe0db720b4287c130304afd5d5641aec18e25
  OtherLib: 15b245d8a1f7e2c8d80155cb5c8afe4142423ee8

PODFILE CHECKSUM: ebd72f2729a9a8717bcf9286e60ecd28cecf17cf

COCOAPODS: 1.14.3
