PODS:
  - JSONCodeSwiftMacro (1.0.0)
  - OtherLib (0.1.0):
    - JSONCodeSwiftMacro

DEPENDENCIES:
  - JSONCodeSwiftMacro (from `../`)
  - OtherLib (from `OtherLib/`)

EXTERNAL SOURCES:
  JSONCodeSwiftMacro:
    :path: "../"
  OtherLib:
    :path: OtherLib/

SPEC CHECKSUMS:
  JSONCodeSwiftMacro: 274027b472d04e5abc76637c567373fc109d5eae
  OtherLib: e6f8b009aeec5288c334961c39e78483f0b6eb2b

PODFILE CHECKSUM: ebd72f2729a9a8717bcf9286e60ecd28cecf17cf

COCOAPODS: 1.14.3
