PODS:
  - JSONCodeSwiftMacro (1.0.0)

DEPENDENCIES:
  - JSONCodeSwiftMacro (from `../`)

EXTERNAL SOURCES:
  JSONCodeSwiftMacro:
    :path: "../"

SPEC CHECKSUMS:
  JSONCodeSwiftMacro: 90c58380e98a81ad3928708811ce116ba15bba69

PODFILE CHECKSUM: 30475fb29b2b6186852bd21ceca24313aea3441c

COCOAPODS: 1.14.3
